Microsoft Visual Studio Solution File, Format Version 12.00
# Visual Studio Version 17
VisualStudioVersion = 17.13.35818.85
MinimumVisualStudioVersion = 10.0.40219.1
Project("{FAE04EC0-301F-11D3-BF4B-00C04F79EFBC}") = "BackendBarbaEmDia", "BackendBarbaEmDia\BackendBarbaEmDia.csproj", "{AFD1782A-9F23-41B7-BA21-E8A7C393FDAA}"
EndProject
Project("{FAE04EC0-301F-11D3-BF4B-00C04F79EFBC}") = "BackendBarbaEmDia.Domain", "BackendBarbaEmDia.Domain\BackendBarbaEmDia.Domain.csproj", "{F2DC7EE2-6803-4BCD-8E5D-651D5689448D}"
EndProject
Project("{2150E333-8FDC-42A3-9474-1A3956D46DE8}") = "1 - Application", "1 - Application", "{02EA681E-C7D8-13C7-8484-4AC65E1B71E8}"
EndProject
Project("{2150E333-8FDC-42A3-9474-1A3956D46DE8}") = "2 - Domain", "2 - Domain", "{1565C3F7-6B3E-45C0-B460-C0325FAD39FD}"
EndProject
Project("{2150E333-8FDC-42A3-9474-1A3956D46DE8}") = "3 - Infraestructure", "3 - Infraestructure", "{A40CACCD-D9C4-449A-923C-76CF8AFC1867}"
EndProject
Project("{FAE04EC0-301F-11D3-BF4B-00C04F79EFBC}") = "BackendBarbaEmDia.Infraestructure.Data", "BackendBarbaEmDia.Infraestructure.Data\BackendBarbaEmDia.Infraestructure.Data.csproj", "{C6AF7705-9AAB-45C2-941C-72CD30E32B62}"
EndProject
Global
	GlobalSection(SolutionConfigurationPlatforms) = preSolution
		Debug|Any CPU = Debug|Any CPU
		Release|Any CPU = Release|Any CPU
	EndGlobalSection
	GlobalSection(ProjectConfigurationPlatforms) = postSolution
		{AFD1782A-9F23-41B7-BA21-E8A7C393FDAA}.Debug|Any CPU.ActiveCfg = Debug|Any CPU
		{AFD1782A-9F23-41B7-BA21-E8A7C393FDAA}.Debug|Any CPU.Build.0 = Debug|Any CPU
		{AFD1782A-9F23-41B7-BA21-E8A7C393FDAA}.Release|Any CPU.ActiveCfg = Release|Any CPU
		{AFD1782A-9F23-41B7-BA21-E8A7C393FDAA}.Release|Any CPU.Build.0 = Release|Any CPU
		{F2DC7EE2-6803-4BCD-8E5D-651D5689448D}.Debug|Any CPU.ActiveCfg = Debug|Any CPU
		{F2DC7EE2-6803-4BCD-8E5D-651D5689448D}.Debug|Any CPU.Build.0 = Debug|Any CPU
		{F2DC7EE2-6803-4BCD-8E5D-651D5689448D}.Release|Any CPU.ActiveCfg = Release|Any CPU
		{F2DC7EE2-6803-4BCD-8E5D-651D5689448D}.Release|Any CPU.Build.0 = Release|Any CPU
		{C6AF7705-9AAB-45C2-941C-72CD30E32B62}.Debug|Any CPU.ActiveCfg = Debug|Any CPU
		{C6AF7705-9AAB-45C2-941C-72CD30E32B62}.Debug|Any CPU.Build.0 = Debug|Any CPU
		{C6AF7705-9AAB-45C2-941C-72CD30E32B62}.Release|Any CPU.ActiveCfg = Release|Any CPU
		{C6AF7705-9AAB-45C2-941C-72CD30E32B62}.Release|Any CPU.Build.0 = Release|Any CPU
	EndGlobalSection
	GlobalSection(SolutionProperties) = preSolution
		HideSolutionNode = FALSE
	EndGlobalSection
	GlobalSection(NestedProjects) = preSolution
		{AFD1782A-9F23-41B7-BA21-E8A7C393FDAA} = {02EA681E-C7D8-13C7-8484-4AC65E1B71E8}
		{F2DC7EE2-6803-4BCD-8E5D-651D5689448D} = {1565C3F7-6B3E-45C0-B460-C0325FAD39FD}
		{C6AF7705-9AAB-45C2-941C-72CD30E32B62} = {A40CACCD-D9C4-449A-923C-76CF8AFC1867}
	EndGlobalSection
	GlobalSection(ExtensibilityGlobals) = postSolution
		SolutionGuid = {233D597D-D988-4633-82A3-19DE89F6766F}
	EndGlobalSection
EndGlobal
